
Microsoft Visual Studio Solution File, Format Version 12.00
# Visual Studio Version 17
VisualStudioVersion = 17.10.35004.147
MinimumVisualStudioVersion = 10.0.40219.1
Project("{9A19103F-16F7-4668-BE54-9A1E7A4F7556}") = "FormBuilderApi", "FormBuilderApi\FormBuilderApi.csproj", "{7CAA6AED-A005-40CB-A88C-8855F85FAE69}"
EndProject
Project("{FAE04EC0-301F-11D3-BF4B-00C04F79EFBC}") = "FormBuilder.Core", "FormBuilder.Core\FormBuilder.Core.csproj", "{F3E5140F-85E0-4EAB-B8A2-573F5C83F017}"
EndProject
Global
	GlobalSection(SolutionConfigurationPlatforms) = preSolution
		Debug|Any CPU = Debug|Any CPU
		Release|Any CPU = Release|Any CPU
	EndGlobalSection
	GlobalSection(ProjectConfigurationPlatforms) = postSolution
		{7CAA6AED-A005-40CB-A88C-8855F85FAE69}.Debug|Any CPU.ActiveCfg = Debug|Any CPU
		{7CAA6AED-A005-40CB-A88C-8855F85FAE69}.Debug|Any CPU.Build.0 = Debug|Any CPU
		{7CAA6AED-A005-40CB-A88C-8855F85FAE69}.Release|Any CPU.ActiveCfg = Release|Any CPU
		{7CAA6AED-A005-40CB-A88C-8855F85FAE69}.Release|Any CPU.Build.0 = Release|Any CPU
		{F3E5140F-85E0-4EAB-B8A2-573F5C83F017}.Debug|Any CPU.ActiveCfg = Debug|Any CPU
		{F3E5140F-85E0-4EAB-B8A2-573F5C83F017}.Debug|Any CPU.Build.0 = Debug|Any CPU
		{F3E5140F-85E0-4EAB-B8A2-573F5C83F017}.Release|Any CPU.ActiveCfg = Release|Any CPU
		{F3E5140F-85E0-4EAB-B8A2-573F5C83F017}.Release|Any CPU.Build.0 = Release|Any CPU
	EndGlobalSection
	GlobalSection(SolutionProperties) = preSolution
		HideSolutionNode = FALSE
	EndGlobalSection
	GlobalSection(ExtensibilityGlobals) = postSolution
		SolutionGuid = {5FDBC1B8-E006-42A9-8875-89F4100FE2C0}
	EndGlobalSection
EndGlobal
